// !$*UTF8*$!
{
	archiveVersion = 1;
	classes = {
	};
	objectVersion = 46;
	objects = {

/* Begin PBXBuildFile section */
		6D41EF10F3518F2A8CB10C6E /* libPods-airchecknasaTests.a in Frameworks */ = {isa = PBXBuildFile; fileRef = 30AD291726B5E67381FEEA95 /* libPods-airchecknasaTests.a */; };
		8B2D57BD5B2E9C149B38E4EA /* libPods-airchecknasa.a in Frameworks */ = {isa = PBXBuildFile; fileRef = 1891B0F157B8041C229239B0 /* libPods-airchecknasa.a */; };
		95B625E3A71A06C62E3AFBB0 /* libPods-airchecknasaUITests.a in Frameworks */ = {isa = PBXBuildFile; fileRef = 7DE7ED952B889C74280DC382 /* libPods-airchecknasaUITests.a */; };
		A237D6FB1EC29E3B0092AA5C /* CoreLocation.framework in Frameworks */ = {isa = PBXBuildFile; fileRef = A237D6FA1EC29E3B0092AA5C /* CoreLocation.framework */; };
		A237D6FD1EC2A2D60092AA5C /* LogInVC.swift in Sources */ = {isa = PBXBuildFile; fileRef = A237D6FC1EC2A2D60092AA5C /* LogInVC.swift */; };
		A23DDE0D1ECA08DA00FE201B /* AirStatus.swift in Sources */ = {isa = PBXBuildFile; fileRef = A23DDE0C1ECA08DA00FE201B /* AirStatus.swift */; };
		A2739A911EBF0B6700728FCC /* AppDelegate.swift in Sources */ = {isa = PBXBuildFile; fileRef = A2739A901EBF0B6700728FCC /* AppDelegate.swift */; };
		A2739A961EBF0B6800728FCC /* Main.storyboard in Resources */ = {isa = PBXBuildFile; fileRef = A2739A941EBF0B6800728FCC /* Main.storyboard */; };
		A2739A981EBF0B6800728FCC /* Assets.xcassets in Resources */ = {isa = PBXBuildFile; fileRef = A2739A971EBF0B6800728FCC /* Assets.xcassets */; };
		A2739A9B1EBF0B6800728FCC /* LaunchScreen.storyboard in Resources */ = {isa = PBXBuildFile; fileRef = A2739A991EBF0B6800728FCC /* LaunchScreen.storyboard */; };
		A2739AA61EBF0B6800728FCC /* airchecknasaTests.swift in Sources */ = {isa = PBXBuildFile; fileRef = A2739AA51EBF0B6800728FCC /* airchecknasaTests.swift */; };
		A2739AB11EBF0B6800728FCC /* airchecknasaUITests.swift in Sources */ = {isa = PBXBuildFile; fileRef = A2739AB01EBF0B6800728FCC /* airchecknasaUITests.swift */; };
		A2739ABF1EBFAA2C00728FCC /* SummaryReportVC.swift in Sources */ = {isa = PBXBuildFile; fileRef = A2739ABE1EBFAA2C00728FCC /* SummaryReportVC.swift */; };
		A2739AC71EBFB99600728FCC /* CustomCell.swift in Sources */ = {isa = PBXBuildFile; fileRef = A2739AC61EBFB99600728FCC /* CustomCell.swift */; };
		A2739AC91EBFC0A800728FCC /* BreathingRateVC.swift in Sources */ = {isa = PBXBuildFile; fileRef = A2739AC81EBFC0A800728FCC /* BreathingRateVC.swift */; };
		A27944531EC1681000B7B528 /* GoogleService-Info.plist in Resources */ = {isa = PBXBuildFile; fileRef = A27944521EC1681000B7B528 /* GoogleService-Info.plist */; };
		A2AB11F11EC21EF600650577 /* User.swift in Sources */ = {isa = PBXBuildFile; fileRef = A2AB11F01EC21EF600650577 /* User.swift */; };
		A2AB11F31EC21F9A00650577 /* Health.swift in Sources */ = {isa = PBXBuildFile; fileRef = A2AB11F21EC21F9A00650577 /* Health.swift */; };
/* End PBXBuildFile section */

/* Begin PBXContainerItemProxy section */
		A2739AA21EBF0B6800728FCC /* PBXContainerItemProxy */ = {
			isa = PBXContainerItemProxy;
			containerPortal = A2739A851EBF0B6700728FCC /* Project object */;
			proxyType = 1;
			remoteGlobalIDString = A2739A8C1EBF0B6700728FCC;
			remoteInfo = airchecknasa;
		};
		A2739AAD1EBF0B6800728FCC /* PBXContainerItemProxy */ = {
			isa = PBXContainerItemProxy;
			containerPortal = A2739A851EBF0B6700728FCC /* Project object */;
			proxyType = 1;
			remoteGlobalIDString = A2739A8C1EBF0B6700728FCC;
			remoteInfo = airchecknasa;
		};
/* End PBXContainerItemProxy section */

/* Begin PBXFileReference section */
		0F0A7773C49A0A312CA03ADB /* Pods-airchecknasaTests.debug.xcconfig */ = {isa = PBXFileReference; includeInIndex = 1; lastKnownFileType = text.xcconfig; name = "Pods-airchecknasaTests.debug.xcconfig"; path = "Pods/Target Support Files/Pods-airchecknasaTests/Pods-airchecknasaTests.debug.xcconfig"; sourceTree = "<group>"; };
		1891B0F157B8041C229239B0 /* libPods-airchecknasa.a */ = {isa = PBXFileReference; explicitFileType = archive.ar; includeInIndex = 0; path = "libPods-airchecknasa.a"; sourceTree = BUILT_PRODUCTS_DIR; };
		30AD291726B5E67381FEEA95 /* libPods-airchecknasaTests.a */ = {isa = PBXFileReference; explicitFileType = archive.ar; includeInIndex = 0; path = "libPods-airchecknasaTests.a"; sourceTree = BUILT_PRODUCTS_DIR; };
		5DE977C8CC3B44EAAC0098DA /* Pods-airchecknasa.debug.xcconfig */ = {isa = PBXFileReference; includeInIndex = 1; lastKnownFileType = text.xcconfig; name = "Pods-airchecknasa.debug.xcconfig"; path = "Pods/Target Support Files/Pods-airchecknasa/Pods-airchecknasa.debug.xcconfig"; sourceTree = "<group>"; };
		69EBCDA6E61FD25895E9C5FE /* Pods-airchecknasaUITests.debug.xcconfig */ = {isa = PBXFileReference; includeInIndex = 1; lastKnownFileType = text.xcconfig; name = "Pods-airchecknasaUITests.debug.xcconfig"; path = "Pods/Target Support Files/Pods-airchecknasaUITests/Pods-airchecknasaUITests.debug.xcconfig"; sourceTree = "<group>"; };
		6DAA30A4C492B685B376D6C2 /* Pods-airchecknasaUITests.release.xcconfig */ = {isa = PBXFileReference; includeInIndex = 1; lastKnownFileType = text.xcconfig; name = "Pods-airchecknasaUITests.release.xcconfig"; path = "Pods/Target Support Files/Pods-airchecknasaUITests/Pods-airchecknasaUITests.release.xcconfig"; sourceTree = "<group>"; };
		7DE7ED952B889C74280DC382 /* libPods-airchecknasaUITests.a */ = {isa = PBXFileReference; explicitFileType = archive.ar; includeInIndex = 0; path = "libPods-airchecknasaUITests.a"; sourceTree = BUILT_PRODUCTS_DIR; };
		A237D6FA1EC29E3B0092AA5C /* CoreLocation.framework */ = {isa = PBXFileReference; lastKnownFileType = wrapper.framework; name = CoreLocation.framework; path = System/Library/Frameworks/CoreLocation.framework; sourceTree = SDKROOT; };
		A237D6FC1EC2A2D60092AA5C /* LogInVC.swift */ = {isa = PBXFileReference; fileEncoding = 4; lastKnownFileType = sourcecode.swift; path = LogInVC.swift; sourceTree = "<group>"; };
		A23DDE0C1ECA08DA00FE201B /* AirStatus.swift */ = {isa = PBXFileReference; fileEncoding = 4; lastKnownFileType = sourcecode.swift; path = AirStatus.swift; sourceTree = "<group>"; };
		A2739A8D1EBF0B6700728FCC /* airchecknasa.app */ = {isa = PBXFileReference; explicitFileType = wrapper.application; includeInIndex = 0; path = airchecknasa.app; sourceTree = BUILT_PRODUCTS_DIR; };
		A2739A901EBF0B6700728FCC /* AppDelegate.swift */ = {isa = PBXFileReference; lastKnownFileType = sourcecode.swift; path = AppDelegate.swift; sourceTree = "<group>"; };
		A2739A951EBF0B6800728FCC /* Base */ = {isa = PBXFileReference; lastKnownFileType = file.storyboard; name = Base; path = Base.lproj/Main.storyboard; sourceTree = "<group>"; };
		A2739A971EBF0B6800728FCC /* Assets.xcassets */ = {isa = PBXFileReference; lastKnownFileType = folder.assetcatalog; path = Assets.xcassets; sourceTree = "<group>"; };
		A2739A9A1EBF0B6800728FCC /* Base */ = {isa = PBXFileReference; lastKnownFileType = file.storyboard; name = Base; path = Base.lproj/LaunchScreen.storyboard; sourceTree = "<group>"; };
		A2739A9C1EBF0B6800728FCC /* Info.plist */ = {isa = PBXFileReference; lastKnownFileType = text.plist.xml; path = Info.plist; sourceTree = "<group>"; };
		A2739AA11EBF0B6800728FCC /* airchecknasaTests.xctest */ = {isa = PBXFileReference; explicitFileType = wrapper.cfbundle; includeInIndex = 0; path = airchecknasaTests.xctest; sourceTree = BUILT_PRODUCTS_DIR; };
		A2739AA51EBF0B6800728FCC /* airchecknasaTests.swift */ = {isa = PBXFileReference; lastKnownFileType = sourcecode.swift; path = airchecknasaTests.swift; sourceTree = "<group>"; };
		A2739AA71EBF0B6800728FCC /* Info.plist */ = {isa = PBXFileReference; lastKnownFileType = text.plist.xml; path = Info.plist; sourceTree = "<group>"; };
		A2739AAC1EBF0B6800728FCC /* airchecknasaUITests.xctest */ = {isa = PBXFileReference; explicitFileType = wrapper.cfbundle; includeInIndex = 0; path = airchecknasaUITests.xctest; sourceTree = BUILT_PRODUCTS_DIR; };
		A2739AB01EBF0B6800728FCC /* airchecknasaUITests.swift */ = {isa = PBXFileReference; lastKnownFileType = sourcecode.swift; path = airchecknasaUITests.swift; sourceTree = "<group>"; };
		A2739AB21EBF0B6800728FCC /* Info.plist */ = {isa = PBXFileReference; lastKnownFileType = text.plist.xml; path = Info.plist; sourceTree = "<group>"; };
		A2739ABE1EBFAA2C00728FCC /* SummaryReportVC.swift */ = {isa = PBXFileReference; fileEncoding = 4; lastKnownFileType = sourcecode.swift; name = SummaryReportVC.swift; path = ../SummaryReportVC.swift; sourceTree = "<group>"; };
		A2739AC61EBFB99600728FCC /* CustomCell.swift */ = {isa = PBXFileReference; fileEncoding = 4; lastKnownFileType = sourcecode.swift; name = CustomCell.swift; path = ../CustomCell.swift; sourceTree = "<group>"; };
		A2739AC81EBFC0A800728FCC /* BreathingRateVC.swift */ = {isa = PBXFileReference; fileEncoding = 4; lastKnownFileType = sourcecode.swift; path = BreathingRateVC.swift; sourceTree = "<group>"; };
		A27944521EC1681000B7B528 /* GoogleService-Info.plist */ = {isa = PBXFileReference; fileEncoding = 4; lastKnownFileType = text.plist.xml; path = "GoogleService-Info.plist"; sourceTree = "<group>"; };
		A2AB11F01EC21EF600650577 /* User.swift */ = {isa = PBXFileReference; fileEncoding = 4; lastKnownFileType = sourcecode.swift; path = User.swift; sourceTree = "<group>"; };
		A2AB11F21EC21F9A00650577 /* Health.swift */ = {isa = PBXFileReference; fileEncoding = 4; lastKnownFileType = sourcecode.swift; path = Health.swift; sourceTree = "<group>"; };
		BB314F187411D50CEE565DEB /* Pods-airchecknasa.release.xcconfig */ = {isa = PBXFileReference; includeInIndex = 1; lastKnownFileType = text.xcconfig; name = "Pods-airchecknasa.release.xcconfig"; path = "Pods/Target Support Files/Pods-airchecknasa/Pods-airchecknasa.release.xcconfig"; sourceTree = "<group>"; };
		C9F9E27B1495A6FF57DF512A /* Pods-airchecknasaTests.release.xcconfig */ = {isa = PBXFileReference; includeInIndex = 1; lastKnownFileType = text.xcconfig; name = "Pods-airchecknasaTests.release.xcconfig"; path = "Pods/Target Support Files/Pods-airchecknasaTests/Pods-airchecknasaTests.release.xcconfig"; sourceTree = "<group>"; };
/* End PBXFileReference section */

/* Begin PBXFrameworksBuildPhase section */
		A2739A8A1EBF0B6700728FCC /* Frameworks */ = {
			isa = PBXFrameworksBuildPhase;
			buildActionMask = 2147483647;
			files = (
				A237D6FB1EC29E3B0092AA5C /* CoreLocation.framework in Frameworks */,
				8B2D57BD5B2E9C149B38E4EA /* libPods-airchecknasa.a in Frameworks */,
			);
			runOnlyForDeploymentPostprocessing = 0;
		};
		A2739A9E1EBF0B6800728FCC /* Frameworks */ = {
			isa = PBXFrameworksBuildPhase;
			buildActionMask = 2147483647;
			files = (
				6D41EF10F3518F2A8CB10C6E /* libPods-airchecknasaTests.a in Frameworks */,
			);
			runOnlyForDeploymentPostprocessing = 0;
		};
		A2739AA91EBF0B6800728FCC /* Frameworks */ = {
			isa = PBXFrameworksBuildPhase;
			buildActionMask = 2147483647;
			files = (
				95B625E3A71A06C62E3AFBB0 /* libPods-airchecknasaUITests.a in Frameworks */,
			);
			runOnlyForDeploymentPostprocessing = 0;
		};
/* End PBXFrameworksBuildPhase section */

/* Begin PBXGroup section */
		6B314797D68C92DBE9DE1487 /* Frameworks */ = {
			isa = PBXGroup;
			children = (
				A237D6FA1EC29E3B0092AA5C /* CoreLocation.framework */,
				1891B0F157B8041C229239B0 /* libPods-airchecknasa.a */,
				30AD291726B5E67381FEEA95 /* libPods-airchecknasaTests.a */,
				7DE7ED952B889C74280DC382 /* libPods-airchecknasaUITests.a */,
			);
			name = Frameworks;
			sourceTree = "<group>";
		};
		6D8AE47E596C692D22DBA255 /* Pods */ = {
			isa = PBXGroup;
			children = (
				5DE977C8CC3B44EAAC0098DA /* Pods-airchecknasa.debug.xcconfig */,
				BB314F187411D50CEE565DEB /* Pods-airchecknasa.release.xcconfig */,
				0F0A7773C49A0A312CA03ADB /* Pods-airchecknasaTests.debug.xcconfig */,
				C9F9E27B1495A6FF57DF512A /* Pods-airchecknasaTests.release.xcconfig */,
				69EBCDA6E61FD25895E9C5FE /* Pods-airchecknasaUITests.debug.xcconfig */,
				6DAA30A4C492B685B376D6C2 /* Pods-airchecknasaUITests.release.xcconfig */,
			);
			name = Pods;
			sourceTree = "<group>";
		};
		A237D6F81EC291BC0092AA5C /* Controllers */ = {
			isa = PBXGroup;
			children = (
				A237D6FC1EC2A2D60092AA5C /* LogInVC.swift */,
				A2739AC81EBFC0A800728FCC /* BreathingRateVC.swift */,
				A2739ABE1EBFAA2C00728FCC /* SummaryReportVC.swift */,
			);
			name = Controllers;
			sourceTree = "<group>";
		};
		A237D6F91EC291D20092AA5C /* Layout */ = {
			isa = PBXGroup;
			children = (
				A2739AC61EBFB99600728FCC /* CustomCell.swift */,
				A2739A991EBF0B6800728FCC /* LaunchScreen.storyboard */,
				A2739A941EBF0B6800728FCC /* Main.storyboard */,
			);
			name = Layout;
			sourceTree = "<group>";
		};
		A2739A841EBF0B6700728FCC = {
			isa = PBXGroup;
			children = (
				A2739A8F1EBF0B6700728FCC /* airchecknasa */,
				A2739AA41EBF0B6800728FCC /* airchecknasaTests */,
				A2739AAF1EBF0B6800728FCC /* airchecknasaUITests */,
				A2739A8E1EBF0B6700728FCC /* Products */,
				6D8AE47E596C692D22DBA255 /* Pods */,
				6B314797D68C92DBE9DE1487 /* Frameworks */,
			);
			sourceTree = "<group>";
		};
		A2739A8E1EBF0B6700728FCC /* Products */ = {
			isa = PBXGroup;
			children = (
				A2739A8D1EBF0B6700728FCC /* airchecknasa.app */,
				A2739AA11EBF0B6800728FCC /* airchecknasaTests.xctest */,
				A2739AAC1EBF0B6800728FCC /* airchecknasaUITests.xctest */,
			);
			name = Products;
			sourceTree = "<group>";
		};
		A2739A8F1EBF0B6700728FCC /* airchecknasa */ = {
			isa = PBXGroup;
			children = (
				A2739A971EBF0B6800728FCC /* Assets.xcassets */,
				A2739A901EBF0B6700728FCC /* AppDelegate.swift */,
				A2AB11F41EC221EA00650577 /* Model */,
				A237D6F81EC291BC0092AA5C /* Controllers */,
				A237D6F91EC291D20092AA5C /* Layout */,
				A27944521EC1681000B7B528 /* GoogleService-Info.plist */,
				A2739A9C1EBF0B6800728FCC /* Info.plist */,
			);
			path = airchecknasa;
			sourceTree = "<group>";
		};
		A2739AA41EBF0B6800728FCC /* airchecknasaTests */ = {
			isa = PBXGroup;
			children = (
				A2739AA51EBF0B6800728FCC /* airchecknasaTests.swift */,
				A2739AA71EBF0B6800728FCC /* Info.plist */,
			);
			path = airchecknasaTests;
			sourceTree = "<group>";
		};
		A2739AAF1EBF0B6800728FCC /* airchecknasaUITests */ = {
			isa = PBXGroup;
			children = (
				A2739AB01EBF0B6800728FCC /* airchecknasaUITests.swift */,
				A2739AB21EBF0B6800728FCC /* Info.plist */,
			);
			path = airchecknasaUITests;
			sourceTree = "<group>";
		};
		A2AB11F41EC221EA00650577 /* Model */ = {
			isa = PBXGroup;
			children = (
				A2AB11F01EC21EF600650577 /* User.swift */,
				A2AB11F21EC21F9A00650577 /* Health.swift */,
				A23DDE0C1ECA08DA00FE201B /* AirStatus.swift */,
			);
			name = Model;
			sourceTree = "<group>";
		};
/* End PBXGroup section */

/* Begin PBXNativeTarget section */
		A2739A8C1EBF0B6700728FCC /* airchecknasa */ = {
			isa = PBXNativeTarget;
			buildConfigurationList = A2739AB51EBF0B6800728FCC /* Build configuration list for PBXNativeTarget "airchecknasa" */;
			buildPhases = (
				5E5D953DBC05AC5F8F3A23C9 /* [CP] Check Pods Manifest.lock */,
				A2739A891EBF0B6700728FCC /* Sources */,
				A2739A8A1EBF0B6700728FCC /* Frameworks */,
				A2739A8B1EBF0B6700728FCC /* Resources */,
				0F5C7712409C8B0F5D213433 /* [CP] Embed Pods Frameworks */,
				D7556ED54B873DBEF97C9B84 /* [CP] Copy Pods Resources */,
			);
			buildRules = (
			);
			dependencies = (
			);
			name = airchecknasa;
			productName = airchecknasa;
			productReference = A2739A8D1EBF0B6700728FCC /* airchecknasa.app */;
			productType = "com.apple.product-type.application";
		};
		A2739AA01EBF0B6800728FCC /* airchecknasaTests */ = {
			isa = PBXNativeTarget;
			buildConfigurationList = A2739AB81EBF0B6800728FCC /* Build configuration list for PBXNativeTarget "airchecknasaTests" */;
			buildPhases = (
				FE6A57CE5CB44FDDA34198B8 /* [CP] Check Pods Manifest.lock */,
				A2739A9D1EBF0B6800728FCC /* Sources */,
				A2739A9E1EBF0B6800728FCC /* Frameworks */,
				A2739A9F1EBF0B6800728FCC /* Resources */,
				20BFD6D758E4AE9294882E4F /* [CP] Embed Pods Frameworks */,
				2302B0D6A6405FB20E75130F /* [CP] Copy Pods Resources */,
			);
			buildRules = (
			);
			dependencies = (
				A2739AA31EBF0B6800728FCC /* PBXTargetDependency */,
			);
			name = airchecknasaTests;
			productName = airchecknasaTests;
			productReference = A2739AA11EBF0B6800728FCC /* airchecknasaTests.xctest */;
			productType = "com.apple.product-type.bundle.unit-test";
		};
		A2739AAB1EBF0B6800728FCC /* airchecknasaUITests */ = {
			isa = PBXNativeTarget;
			buildConfigurationList = A2739ABB1EBF0B6800728FCC /* Build configuration list for PBXNativeTarget "airchecknasaUITests" */;
			buildPhases = (
				23638B7FA85EAC22304DC02F /* [CP] Check Pods Manifest.lock */,
				A2739AA81EBF0B6800728FCC /* Sources */,
				A2739AA91EBF0B6800728FCC /* Frameworks */,
				A2739AAA1EBF0B6800728FCC /* Resources */,
				CB88F377A21E5573D6F873B6 /* [CP] Embed Pods Frameworks */,
				23FB6D339B0F539FD8867D74 /* [CP] Copy Pods Resources */,
			);
			buildRules = (
			);
			dependencies = (
				A2739AAE1EBF0B6800728FCC /* PBXTargetDependency */,
			);
			name = airchecknasaUITests;
			productName = airchecknasaUITests;
			productReference = A2739AAC1EBF0B6800728FCC /* airchecknasaUITests.xctest */;
			productType = "com.apple.product-type.bundle.ui-testing";
		};
/* End PBXNativeTarget section */

/* Begin PBXProject section */
		A2739A851EBF0B6700728FCC /* Project object */ = {
			isa = PBXProject;
			attributes = {
				LastSwiftUpdateCheck = 0830;
				LastUpgradeCheck = 0830;
				ORGANIZATIONNAME = nasadatanaut;
				TargetAttributes = {
					A2739A8C1EBF0B6700728FCC = {
						CreatedOnToolsVersion = 8.3.1;
						DevelopmentTeam = 3358H79N3F;
						ProvisioningStyle = Automatic;
					};
					A2739AA01EBF0B6800728FCC = {
						CreatedOnToolsVersion = 8.3.1;
						ProvisioningStyle = Automatic;
						TestTargetID = A2739A8C1EBF0B6700728FCC;
					};
					A2739AAB1EBF0B6800728FCC = {
						CreatedOnToolsVersion = 8.3.1;
						ProvisioningStyle = Automatic;
						TestTargetID = A2739A8C1EBF0B6700728FCC;
					};
				};
			};
			buildConfigurationList = A2739A881EBF0B6700728FCC /* Build configuration list for PBXProject "airchecknasa" */;
			compatibilityVersion = "Xcode 3.2";
			developmentRegion = English;
			hasScannedForEncodings = 0;
			knownRegions = (
				en,
				Base,
			);
			mainGroup = A2739A841EBF0B6700728FCC;
			productRefGroup = A2739A8E1EBF0B6700728FCC /* Products */;
			projectDirPath = "";
			projectRoot = "";
			targets = (
				A2739A8C1EBF0B6700728FCC /* airchecknasa */,
				A2739AA01EBF0B6800728FCC /* airchecknasaTests */,
				A2739AAB1EBF0B6800728FCC /* airchecknasaUITests */,
			);
		};
/* End PBXProject section */

/* Begin PBXResourcesBuildPhase section */
		A2739A8B1EBF0B6700728FCC /* Resources */ = {
			isa = PBXResourcesBuildPhase;
			buildActionMask = 2147483647;
			files = (
				A2739A9B1EBF0B6800728FCC /* LaunchScreen.storyboard in Resources */,
				A27944531EC1681000B7B528 /* GoogleService-Info.plist in Resources */,
				A2739A981EBF0B6800728FCC /* Assets.xcassets in Resources */,
				A2739A961EBF0B6800728FCC /* Main.storyboard in Resources */,
			);
			runOnlyForDeploymentPostprocessing = 0;
		};
		A2739A9F1EBF0B6800728FCC /* Resources */ = {
			isa = PBXResourcesBuildPhase;
			buildActionMask = 2147483647;
			files = (
			);
			runOnlyForDeploymentPostprocessing = 0;
		};
		A2739AAA1EBF0B6800728FCC /* Resources */ = {
			isa = PBXResourcesBuildPhase;
			buildActionMask = 2147483647;
			files = (
			);
			runOnlyForDeploymentPostprocessing = 0;
		};
/* End PBXResourcesBuildPhase section */

/* Begin PBXShellScriptBuildPhase section */
		0F5C7712409C8B0F5D213433 /* [CP] Embed Pods Frameworks */ = {
			isa = PBXShellScriptBuildPhase;
			buildActionMask = 2147483647;
			files = (
			);
			inputPaths = (
			);
			name = "[CP] Embed Pods Frameworks";
			outputPaths = (
			);
			runOnlyForDeploymentPostprocessing = 0;
			shellPath = /bin/sh;
			shellScript = "\"${SRCROOT}/Pods/Target Support Files/Pods-airchecknasa/Pods-airchecknasa-frameworks.sh\"\n";
			showEnvVarsInLog = 0;
		};
		20BFD6D758E4AE9294882E4F /* [CP] Embed Pods Frameworks */ = {
			isa = PBXShellScriptBuildPhase;
			buildActionMask = 2147483647;
			files = (
			);
			inputPaths = (
			);
			name = "[CP] Embed Pods Frameworks";
			outputPaths = (
			);
			runOnlyForDeploymentPostprocessing = 0;
			shellPath = /bin/sh;
			shellScript = "\"${SRCROOT}/Pods/Target Support Files/Pods-airchecknasaTests/Pods-airchecknasaTests-frameworks.sh\"\n";
			showEnvVarsInLog = 0;
		};
		2302B0D6A6405FB20E75130F /* [CP] Copy Pods Resources */ = {
			isa = PBXShellScriptBuildPhase;
			buildActionMask = 2147483647;
			files = (
			);
			inputPaths = (
			);
			name = "[CP] Copy Pods Resources";
			outputPaths = (
			);
			runOnlyForDeploymentPostprocessing = 0;
			shellPath = /bin/sh;
			shellScript = "\"${SRCROOT}/Pods/Target Support Files/Pods-airchecknasaTests/Pods-airchecknasaTests-resources.sh\"\n";
			showEnvVarsInLog = 0;
		};
		23638B7FA85EAC22304DC02F /* [CP] Check Pods Manifest.lock */ = {
			isa = PBXShellScriptBuildPhase;
			buildActionMask = 2147483647;
			files = (
			);
			inputPaths = (
			);
			name = "[CP] Check Pods Manifest.lock";
			outputPaths = (
			);
			runOnlyForDeploymentPostprocessing = 0;
			shellPath = /bin/sh;
			shellScript = "diff \"${PODS_PODFILE_DIR_PATH}/Podfile.lock\" \"${PODS_ROOT}/Manifest.lock\" > /dev/null\nif [ $? != 0 ] ; then\n    # print error to STDERR\n    echo \"error: The sandbox is not in sync with the Podfile.lock. Run 'pod install' or update your CocoaPods installation.\" >&2\n    exit 1\nfi\n";
			showEnvVarsInLog = 0;
		};
		23FB6D339B0F539FD8867D74 /* [CP] Copy Pods Resources */ = {
			isa = PBXShellScriptBuildPhase;
			buildActionMask = 2147483647;
			files = (
			);
			inputPaths = (
			);
			name = "[CP] Copy Pods Resources";
			outputPaths = (
			);
			runOnlyForDeploymentPostprocessing = 0;
			shellPath = /bin/sh;
			shellScript = "\"${SRCROOT}/Pods/Target Support Files/Pods-airchecknasaUITests/Pods-airchecknasaUITests-resources.sh\"\n";
			showEnvVarsInLog = 0;
		};
		5E5D953DBC05AC5F8F3A23C9 /* [CP] Check Pods Manifest.lock */ = {
			isa = PBXShellScriptBuildPhase;
			buildActionMask = 2147483647;
			files = (
			);
			inputPaths = (
			);
			name = "[CP] Check Pods Manifest.lock";
			outputPaths = (
			);
			runOnlyForDeploymentPostprocessing = 0;
			shellPath = /bin/sh;
			shellScript = "diff \"${PODS_PODFILE_DIR_PATH}/Podfile.lock\" \"${PODS_ROOT}/Manifest.lock\" > /dev/null\nif [ $? != 0 ] ; then\n    # print error to STDERR\n    echo \"error: The sandbox is not in sync with the Podfile.lock. Run 'pod install' or update your CocoaPods installation.\" >&2\n    exit 1\nfi\n";
			showEnvVarsInLog = 0;
		};
		CB88F377A21E5573D6F873B6 /* [CP] Embed Pods Frameworks */ = {
			isa = PBXShellScriptBuildPhase;
			buildActionMask = 2147483647;
			files = (
			);
			inputPaths = (
			);
			name = "[CP] Embed Pods Frameworks";
			outputPaths = (
			);
			runOnlyForDeploymentPostprocessing = 0;
			shellPath = /bin/sh;
			shellScript = "\"${SRCROOT}/Pods/Target Support Files/Pods-airchecknasaUITests/Pods-airchecknasaUITests-frameworks.sh\"\n";
			showEnvVarsInLog = 0;
		};
		D7556ED54B873DBEF97C9B84 /* [CP] Copy Pods Resources */ = {
			isa = PBXShellScriptBuildPhase;
			buildActionMask = 2147483647;
			files = (
			);
			inputPaths = (
			);
			name = "[CP] Copy Pods Resources";
			outputPaths = (
			);
			runOnlyForDeploymentPostprocessing = 0;
			shellPath = /bin/sh;
			shellScript = "\"${SRCROOT}/Pods/Target Support Files/Pods-airchecknasa/Pods-airchecknasa-resources.sh\"\n";
			showEnvVarsInLog = 0;
		};
		FE6A57CE5CB44FDDA34198B8 /* [CP] Check Pods Manifest.lock */ = {
			isa = PBXShellScriptBuildPhase;
			buildActionMask = 2147483647;
			files = (
			);
			inputPaths = (
			);
			name = "[CP] Check Pods Manifest.lock";
			outputPaths = (
			);
			runOnlyForDeploymentPostprocessing = 0;
			shellPath = /bin/sh;
			shellScript = "diff \"${PODS_PODFILE_DIR_PATH}/Podfile.lock\" \"${PODS_ROOT}/Manifest.lock\" > /dev/null\nif [ $? != 0 ] ; then\n    # print error to STDERR\n    echo \"error: The sandbox is not in sync with the Podfile.lock. Run 'pod install' or update your CocoaPods installation.\" >&2\n    exit 1\nfi\n";
			showEnvVarsInLog = 0;
		};
/* End PBXShellScriptBuildPhase section */

/* Begin PBXSourcesBuildPhase section */
		A2739A891EBF0B6700728FCC /* Sources */ = {
			isa = PBXSourcesBuildPhase;
			buildActionMask = 2147483647;
			files = (
				A2739AC91EBFC0A800728FCC /* BreathingRateVC.swift in Sources */,
				A2AB11F11EC21EF600650577 /* User.swift in Sources */,
				A23DDE0D1ECA08DA00FE201B /* AirStatus.swift in Sources */,
				A2739A911EBF0B6700728FCC /* AppDelegate.swift in Sources */,
				A237D6FD1EC2A2D60092AA5C /* LogInVC.swift in Sources */,
				A2AB11F31EC21F9A00650577 /* Health.swift in Sources */,
				A2739AC71EBFB99600728FCC /* CustomCell.swift in Sources */,
				A2739ABF1EBFAA2C00728FCC /* SummaryReportVC.swift in Sources */,
			);
			runOnlyForDeploymentPostprocessing = 0;
		};
		A2739A9D1EBF0B6800728FCC /* Sources */ = {
			isa = PBXSourcesBuildPhase;
			buildActionMask = 2147483647;
			files = (
				A2739AA61EBF0B6800728FCC /* airchecknasaTests.swift in Sources */,
			);
			runOnlyForDeploymentPostprocessing = 0;
		};
		A2739AA81EBF0B6800728FCC /* Sources */ = {
			isa = PBXSourcesBuildPhase;
			buildActionMask = 2147483647;
			files = (
				A2739AB11EBF0B6800728FCC /* airchecknasaUITests.swift in Sources */,
			);
			runOnlyForDeploymentPostprocessing = 0;
		};
/* End PBXSourcesBuildPhase section */

/* Begin PBXTargetDependency section */
		A2739AA31EBF0B6800728FCC /* PBXTargetDependency */ = {
			isa = PBXTargetDependency;
			target = A2739A8C1EBF0B6700728FCC /* airchecknasa */;
			targetProxy = A2739AA21EBF0B6800728FCC /* PBXContainerItemProxy */;
		};
		A2739AAE1EBF0B6800728FCC /* PBXTargetDependency */ = {
			isa = PBXTargetDependency;
			target = A2739A8C1EBF0B6700728FCC /* airchecknasa */;
			targetProxy = A2739AAD1EBF0B6800728FCC /* PBXContainerItemProxy */;
		};
/* End PBXTargetDependency section */

/* Begin PBXVariantGroup section */
		A2739A941EBF0B6800728FCC /* Main.storyboard */ = {
			isa = PBXVariantGroup;
			children = (
				A2739A951EBF0B6800728FCC /* Base */,
			);
			name = Main.storyboard;
			sourceTree = "<group>";
		};
		A2739A991EBF0B6800728FCC /* LaunchScreen.storyboard */ = {
			isa = PBXVariantGroup;
			children = (
				A2739A9A1EBF0B6800728FCC /* Base */,
			);
			name = LaunchScreen.storyboard;
			sourceTree = "<group>";
		};
/* End PBXVariantGroup section */

/* Begin XCBuildConfiguration section */
		A2739AB31EBF0B6800728FCC /* Debug */ = {
			isa = XCBuildConfiguration;
			buildSettings = {
				ALWAYS_SEARCH_USER_PATHS = NO;
				CLANG_ANALYZER_NONNULL = YES;
				CLANG_ANALYZER_NUMBER_OBJECT_CONVERSION = YES_AGGRESSIVE;
				CLANG_CXX_LANGUAGE_STANDARD = "gnu++0x";
				CLANG_CXX_LIBRARY = "libc++";
				CLANG_ENABLE_MODULES = YES;
				CLANG_ENABLE_OBJC_ARC = YES;
				CLANG_WARN_BOOL_CONVERSION = YES;
				CLANG_WARN_CONSTANT_CONVERSION = YES;
				CLANG_WARN_DIRECT_OBJC_ISA_USAGE = YES_ERROR;
				CLANG_WARN_DOCUMENTATION_COMMENTS = YES;
				CLANG_WARN_EMPTY_BODY = YES;
				CLANG_WARN_ENUM_CONVERSION = YES;
				CLANG_WARN_INFINITE_RECURSION = YES;
				CLANG_WARN_INT_CONVERSION = YES;
				CLANG_WARN_OBJC_ROOT_CLASS = YES_ERROR;
				CLANG_WARN_SUSPICIOUS_MOVE = YES;
				CLANG_WARN_UNREACHABLE_CODE = YES;
				CLANG_WARN__DUPLICATE_METHOD_MATCH = YES;
				"CODE_SIGN_IDENTITY[sdk=iphoneos*]" = "iPhone Developer";
				COPY_PHASE_STRIP = NO;
				DEBUG_INFORMATION_FORMAT = dwarf;
				ENABLE_STRICT_OBJC_MSGSEND = YES;
				ENABLE_TESTABILITY = YES;
				GCC_C_LANGUAGE_STANDARD = gnu99;
				GCC_DYNAMIC_NO_PIC = NO;
				GCC_NO_COMMON_BLOCKS = YES;
				GCC_OPTIMIZATION_LEVEL = 0;
				GCC_PREPROCESSOR_DEFINITIONS = (
					"DEBUG=1",
					"$(inherited)",
				);
				GCC_WARN_64_TO_32_BIT_CONVERSION = YES;
				GCC_WARN_ABOUT_RETURN_TYPE = YES_ERROR;
				GCC_WARN_UNDECLARED_SELECTOR = YES;
				GCC_WARN_UNINITIALIZED_AUTOS = YES_AGGRESSIVE;
				GCC_WARN_UNUSED_FUNCTION = YES;
				GCC_WARN_UNUSED_VARIABLE = YES;
				IPHONEOS_DEPLOYMENT_TARGET = 10.3;
				MTL_ENABLE_DEBUG_INFO = YES;
				ONLY_ACTIVE_ARCH = YES;
				SDKROOT = iphoneos;
				SWIFT_ACTIVE_COMPILATION_CONDITIONS = DEBUG;
				SWIFT_OPTIMIZATION_LEVEL = "-Onone";
				TARGETED_DEVICE_FAMILY = "1,2";
			};
			name = Debug;
		};
		A2739AB41EBF0B6800728FCC /* Release */ = {
			isa = XCBuildConfiguration;
			buildSettings = {
				ALWAYS_SEARCH_USER_PATHS = NO;
				CLANG_ANALYZER_NONNULL = YES;
				CLANG_ANALYZER_NUMBER_OBJECT_CONVERSION = YES_AGGRESSIVE;
				CLANG_CXX_LANGUAGE_STANDARD = "gnu++0x";
				CLANG_CXX_LIBRARY = "libc++";
				CLANG_ENABLE_MODULES = YES;
				CLANG_ENABLE_OBJC_ARC = YES;
				CLANG_WARN_BOOL_CONVERSION = YES;
				CLANG_WARN_CONSTANT_CONVERSION = YES;
				CLANG_WARN_DIRECT_OBJC_ISA_USAGE = YES_ERROR;
				CLANG_WARN_DOCUMENTATION_COMMENTS = YES;
				CLANG_WARN_EMPTY_BODY = YES;
				CLANG_WARN_ENUM_CONVERSION = YES;
				CLANG_WARN_INFINITE_RECURSION = YES;
				CLANG_WARN_INT_CONVERSION = YES;
				CLANG_WARN_OBJC_ROOT_CLASS = YES_ERROR;
				CLANG_WARN_SUSPICIOUS_MOVE = YES;
				CLANG_WARN_UNREACHABLE_CODE = YES;
				CLANG_WARN__DUPLICATE_METHOD_MATCH = YES;
				"CODE_SIGN_IDENTITY[sdk=iphoneos*]" = "iPhone Developer";
				COPY_PHASE_STRIP = NO;
				DEBUG_INFORMATION_FORMAT = "dwarf-with-dsym";
				ENABLE_NS_ASSERTIONS = NO;
				ENABLE_STRICT_OBJC_MSGSEND = YES;
				GCC_C_LANGUAGE_STANDARD = gnu99;
				GCC_NO_COMMON_BLOCKS = YES;
				GCC_WARN_64_TO_32_BIT_CONVERSION = YES;
				GCC_WARN_ABOUT_RETURN_TYPE = YES_ERROR;
				GCC_WARN_UNDECLARED_SELECTOR = YES;
				GCC_WARN_UNINITIALIZED_AUTOS = YES_AGGRESSIVE;
				GCC_WARN_UNUSED_FUNCTION = YES;
				GCC_WARN_UNUSED_VARIABLE = YES;
				IPHONEOS_DEPLOYMENT_TARGET = 10.3;
				MTL_ENABLE_DEBUG_INFO = NO;
				SDKROOT = iphoneos;
				SWIFT_OPTIMIZATION_LEVEL = "-Owholemodule";
				TARGETED_DEVICE_FAMILY = "1,2";
				VALIDATE_PRODUCT = YES;
			};
			name = Release;
		};
		A2739AB61EBF0B6800728FCC /* Debug */ = {
			isa = XCBuildConfiguration;
			baseConfigurationReference = 5DE977C8CC3B44EAAC0098DA /* Pods-airchecknasa.debug.xcconfig */;
			buildSettings = {
				ASSETCATALOG_COMPILER_APPICON_NAME = AppIcon;
				DEVELOPMENT_TEAM = 3358H79N3F;
				INFOPLIST_FILE = airchecknasa/Info.plist;
				LD_RUNPATH_SEARCH_PATHS = "$(inherited) @executable_path/Frameworks";
				PRODUCT_BUNDLE_IDENTIFIER = com.kairaygun.airchecknasa;
				PRODUCT_NAME = "$(TARGET_NAME)";
				SWIFT_VERSION = 3.0;
			};
			name = Debug;
		};
		A2739AB71EBF0B6800728FCC /* Release */ = {
			isa = XCBuildConfiguration;
			baseConfigurationReference = BB314F187411D50CEE565DEB /* Pods-airchecknasa.release.xcconfig */;
			buildSettings = {
				ASSETCATALOG_COMPILER_APPICON_NAME = AppIcon;
				DEVELOPMENT_TEAM = 3358H79N3F;
				INFOPLIST_FILE = airchecknasa/Info.plist;
				LD_RUNPATH_SEARCH_PATHS = "$(inherited) @executable_path/Frameworks";
				PRODUCT_BUNDLE_IDENTIFIER = com.kairaygun.airchecknasa;
				PRODUCT_NAME = "$(TARGET_NAME)";
				SWIFT_VERSION = 3.0;
			};
			name = Release;
		};
		A2739AB91EBF0B6800728FCC /* Debug */ = {
			isa = XCBuildConfiguration;
			baseConfigurationReference = 0F0A7773C49A0A312CA03ADB /* Pods-airchecknasaTests.debug.xcconfig */;
			buildSettings = {
				ALWAYS_EMBED_SWIFT_STANDARD_LIBRARIES = YES;
				BUNDLE_LOADER = "$(TEST_HOST)";
				INFOPLIST_FILE = airchecknasaTests/Info.plist;
				LD_RUNPATH_SEARCH_PATHS = "$(inherited) @executable_path/Frameworks @loader_path/Frameworks";
				PRODUCT_BUNDLE_IDENTIFIER = com.kairaygun.airchecknasaTests;
				PRODUCT_NAME = "$(TARGET_NAME)";
				SWIFT_VERSION = 3.0;
				TEST_HOST = "$(BUILT_PRODUCTS_DIR)/airchecknasa.app/airchecknasa";
			};
			name = Debug;
		};
		A2739ABA1EBF0B6800728FCC /* Release */ = {
			isa = XCBuildConfiguration;
			baseConfigurationReference = C9F9E27B1495A6FF57DF512A /* Pods-airchecknasaTests.release.xcconfig */;
			buildSettings = {
				ALWAYS_EMBED_SWIFT_STANDARD_LIBRARIES = YES;
				BUNDLE_LOADER = "$(TEST_HOST)";
				INFOPLIST_FILE = airchecknasaTests/Info.plist;
				LD_RUNPATH_SEARCH_PATHS = "$(inherited) @executable_path/Frameworks @loader_path/Frameworks";
				PRODUCT_BUNDLE_IDENTIFIER = com.kairaygun.airchecknasaTests;
				PRODUCT_NAME = "$(TARGET_NAME)";
				SWIFT_VERSION = 3.0;
				TEST_HOST = "$(BUILT_PRODUCTS_DIR)/airchecknasa.app/airchecknasa";
			};
			name = Release;
		};
		A2739ABC1EBF0B6800728FCC /* Debug */ = {
			isa = XCBuildConfiguration;
			baseConfigurationReference = 69EBCDA6E61FD25895E9C5FE /* Pods-airchecknasaUITests.debug.xcconfig */;
			buildSettings = {
				ALWAYS_EMBED_SWIFT_STANDARD_LIBRARIES = YES;
				INFOPLIST_FILE = airchecknasaUITests/Info.plist;
				LD_RUNPATH_SEARCH_PATHS = "$(inherited) @executable_path/Frameworks @loader_path/Frameworks";
				PRODUCT_BUNDLE_IDENTIFIER = com.kairaygun.airchecknasaUITests;
				PRODUCT_NAME = "$(TARGET_NAME)";
				SWIFT_VERSION = 3.0;
				TEST_TARGET_NAME = airchecknasa;
			};
			name = Debug;
		};
		A2739ABD1EBF0B6800728FCC /* Release */ = {
			isa = XCBuildConfiguration;
			baseConfigurationReference = 6DAA30A4C492B685B376D6C2 /* Pods-airchecknasaUITests.release.xcconfig */;
			buildSettings = {
				ALWAYS_EMBED_SWIFT_STANDARD_LIBRARIES = YES;
				INFOPLIST_FILE = airchecknasaUITests/Info.plist;
				LD_RUNPATH_SEARCH_PATHS = "$(inherited) @executable_path/Frameworks @loader_path/Frameworks";
				PRODUCT_BUNDLE_IDENTIFIER = com.kairaygun.airchecknasaUITests;
				PRODUCT_NAME = "$(TARGET_NAME)";
				SWIFT_VERSION = 3.0;
				TEST_TARGET_NAME = airchecknasa;
			};
			name = Release;
		};
/* End XCBuildConfiguration section */

/* Begin XCConfigurationList section */
		A2739A881EBF0B6700728FCC /* Build configuration list for PBXProject "airchecknasa" */ = {
			isa = XCConfigurationList;
			buildConfigurations = (
				A2739AB31EBF0B6800728FCC /* Debug */,
				A2739AB41EBF0B6800728FCC /* Release */,
			);
			defaultConfigurationIsVisible = 0;
			defaultConfigurationName = Release;
		};
		A2739AB51EBF0B6800728FCC /* Build configuration list for PBXNativeTarget "airchecknasa" */ = {
			isa = XCConfigurationList;
			buildConfigurations = (
				A2739AB61EBF0B6800728FCC /* Debug */,
				A2739AB71EBF0B6800728FCC /* Release */,
			);
			defaultConfigurationIsVisible = 0;
			defaultConfigurationName = Release;
		};
		A2739AB81EBF0B6800728FCC /* Build configuration list for PBXNativeTarget "airchecknasaTests" */ = {
			isa = XCConfigurationList;
			buildConfigurations = (
				A2739AB91EBF0B6800728FCC /* Debug */,
				A2739ABA1EBF0B6800728FCC /* Release */,
			);
			defaultConfigurationIsVisible = 0;
			defaultConfigurationName = Release;
		};
		A2739ABB1EBF0B6800728FCC /* Build configuration list for PBXNativeTarget "airchecknasaUITests" */ = {
			isa = XCConfigurationList;
			buildConfigurations = (
				A2739ABC1EBF0B6800728FCC /* Debug */,
				A2739ABD1EBF0B6800728FCC /* Release */,
			);
			defaultConfigurationIsVisible = 0;
			defaultConfigurationName = Release;
		};
/* End XCConfigurationList section */
	};
	rootObject = A2739A851EBF0B6700728FCC /* Project object */;
}
