// !$*UTF8*$!
{
	archiveVersion = 1;
	classes = {
	};
	objectVersion = 46;
	objects = {

/* Begin PBXBuildFile section */
		462F36B85C0491FF6CC1A62D /* Pods_AeoluzUITests.framework in Frameworks */ = {isa = PBXBuildFile; fileRef = 0D0A76ADB4AF81073C15BD27 /* Pods_AeoluzUITests.framework */; };
		62E24B0710AEA89288CF5805 /* Pods_Aeoluz.framework in Frameworks */ = {isa = PBXBuildFile; fileRef = DB2706134E82D4FE1E500207 /* Pods_Aeoluz.framework */; };
		A2B54EEF1D665291008EE44E /* AppDelegate.swift in Sources */ = {isa = PBXBuildFile; fileRef = A2B54EEE1D665291008EE44E /* AppDelegate.swift */; };
		A2B54EF41D665291008EE44E /* Main.storyboard in Resources */ = {isa = PBXBuildFile; fileRef = A2B54EF21D665291008EE44E /* Main.storyboard */; };
		A2B54EF61D665291008EE44E /* Assets.xcassets in Resources */ = {isa = PBXBuildFile; fileRef = A2B54EF51D665291008EE44E /* Assets.xcassets */; };
		A2B54EF91D665291008EE44E /* LaunchScreen.storyboard in Resources */ = {isa = PBXBuildFile; fileRef = A2B54EF71D665291008EE44E /* LaunchScreen.storyboard */; };
		A2B54F041D665291008EE44E /* AeoluzTests.swift in Sources */ = {isa = PBXBuildFile; fileRef = A2B54F031D665291008EE44E /* AeoluzTests.swift */; };
		A2B54F0F1D665291008EE44E /* AeoluzUITests.swift in Sources */ = {isa = PBXBuildFile; fileRef = A2B54F0E1D665291008EE44E /* AeoluzUITests.swift */; };
		A2B54F1D1D6652FE008EE44E /* GoogleService-Info.plist in Resources */ = {isa = PBXBuildFile; fileRef = A2B54F1C1D6652FE008EE44E /* GoogleService-Info.plist */; };
		A2B54F1F1D6671D1008EE44E /* LogsTableViewController.swift in Sources */ = {isa = PBXBuildFile; fileRef = A2B54F1E1D6671D1008EE44E /* LogsTableViewController.swift */; };
		A2B54F211D667348008EE44E /* User.swift in Sources */ = {isa = PBXBuildFile; fileRef = A2B54F201D667348008EE44E /* User.swift */; };
		A2B54F271D667473008EE44E /* Log.swift in Sources */ = {isa = PBXBuildFile; fileRef = A2B54F261D667473008EE44E /* Log.swift */; };
		A39199E6021E7465B83BF151 /* Pods_AeoluzTests.framework in Frameworks */ = {isa = PBXBuildFile; fileRef = 5FED23D3933C6AC44C32B243 /* Pods_AeoluzTests.framework */; };
/* End PBXBuildFile section */

/* Begin PBXContainerItemProxy section */
		A2B54F001D665291008EE44E /* PBXContainerItemProxy */ = {
			isa = PBXContainerItemProxy;
			containerPortal = A2B54EE31D665291008EE44E /* Project object */;
			proxyType = 1;
			remoteGlobalIDString = A2B54EEA1D665291008EE44E;
			remoteInfo = Aeoluz;
		};
		A2B54F0B1D665291008EE44E /* PBXContainerItemProxy */ = {
			isa = PBXContainerItemProxy;
			containerPortal = A2B54EE31D665291008EE44E /* Project object */;
			proxyType = 1;
			remoteGlobalIDString = A2B54EEA1D665291008EE44E;
			remoteInfo = Aeoluz;
		};
/* End PBXContainerItemProxy section */

/* Begin PBXFileReference section */
		067F0079C6D200989B3F6ABC /* Pods-Aeoluz.debug.xcconfig */ = {isa = PBXFileReference; includeInIndex = 1; lastKnownFileType = text.xcconfig; name = "Pods-Aeoluz.debug.xcconfig"; path = "Pods/Target Support Files/Pods-Aeoluz/Pods-Aeoluz.debug.xcconfig"; sourceTree = "<group>"; };
		0D0A76ADB4AF81073C15BD27 /* Pods_AeoluzUITests.framework */ = {isa = PBXFileReference; explicitFileType = wrapper.framework; includeInIndex = 0; path = Pods_AeoluzUITests.framework; sourceTree = BUILT_PRODUCTS_DIR; };
		22A1A578660B14F179AB2CF0 /* Pods-AeoluzTests.release.xcconfig */ = {isa = PBXFileReference; includeInIndex = 1; lastKnownFileType = text.xcconfig; name = "Pods-AeoluzTests.release.xcconfig"; path = "Pods/Target Support Files/Pods-AeoluzTests/Pods-AeoluzTests.release.xcconfig"; sourceTree = "<group>"; };
		3EB5CA443C55374BCF7DE3CB /* Pods-AeoluzTests.debug.xcconfig */ = {isa = PBXFileReference; includeInIndex = 1; lastKnownFileType = text.xcconfig; name = "Pods-AeoluzTests.debug.xcconfig"; path = "Pods/Target Support Files/Pods-AeoluzTests/Pods-AeoluzTests.debug.xcconfig"; sourceTree = "<group>"; };
		5FED23D3933C6AC44C32B243 /* Pods_AeoluzTests.framework */ = {isa = PBXFileReference; explicitFileType = wrapper.framework; includeInIndex = 0; path = Pods_AeoluzTests.framework; sourceTree = BUILT_PRODUCTS_DIR; };
		7D8578862E652712F92368F9 /* Pods-AeoluzUITests.release.xcconfig */ = {isa = PBXFileReference; includeInIndex = 1; lastKnownFileType = text.xcconfig; name = "Pods-AeoluzUITests.release.xcconfig"; path = "Pods/Target Support Files/Pods-AeoluzUITests/Pods-AeoluzUITests.release.xcconfig"; sourceTree = "<group>"; };
		A1F952273B6956F6FE2A3697 /* Pods-Aeoluz.release.xcconfig */ = {isa = PBXFileReference; includeInIndex = 1; lastKnownFileType = text.xcconfig; name = "Pods-Aeoluz.release.xcconfig"; path = "Pods/Target Support Files/Pods-Aeoluz/Pods-Aeoluz.release.xcconfig"; sourceTree = "<group>"; };
		A2B54EEB1D665291008EE44E /* Aeoluz.app */ = {isa = PBXFileReference; explicitFileType = wrapper.application; includeInIndex = 0; path = Aeoluz.app; sourceTree = BUILT_PRODUCTS_DIR; };
		A2B54EEE1D665291008EE44E /* AppDelegate.swift */ = {isa = PBXFileReference; lastKnownFileType = sourcecode.swift; path = AppDelegate.swift; sourceTree = "<group>"; };
		A2B54EF31D665291008EE44E /* Base */ = {isa = PBXFileReference; lastKnownFileType = file.storyboard; name = Base; path = Base.lproj/Main.storyboard; sourceTree = "<group>"; };
		A2B54EF51D665291008EE44E /* Assets.xcassets */ = {isa = PBXFileReference; lastKnownFileType = folder.assetcatalog; path = Assets.xcassets; sourceTree = "<group>"; };
		A2B54EF81D665291008EE44E /* Base */ = {isa = PBXFileReference; lastKnownFileType = file.storyboard; name = Base; path = Base.lproj/LaunchScreen.storyboard; sourceTree = "<group>"; };
		A2B54EFA1D665291008EE44E /* Info.plist */ = {isa = PBXFileReference; lastKnownFileType = text.plist.xml; path = Info.plist; sourceTree = "<group>"; };
		A2B54EFF1D665291008EE44E /* AeoluzTests.xctest */ = {isa = PBXFileReference; explicitFileType = wrapper.cfbundle; includeInIndex = 0; path = AeoluzTests.xctest; sourceTree = BUILT_PRODUCTS_DIR; };
		A2B54F031D665291008EE44E /* AeoluzTests.swift */ = {isa = PBXFileReference; lastKnownFileType = sourcecode.swift; path = AeoluzTests.swift; sourceTree = "<group>"; };
		A2B54F051D665291008EE44E /* Info.plist */ = {isa = PBXFileReference; lastKnownFileType = text.plist.xml; path = Info.plist; sourceTree = "<group>"; };
		A2B54F0A1D665291008EE44E /* AeoluzUITests.xctest */ = {isa = PBXFileReference; explicitFileType = wrapper.cfbundle; includeInIndex = 0; path = AeoluzUITests.xctest; sourceTree = BUILT_PRODUCTS_DIR; };
		A2B54F0E1D665291008EE44E /* AeoluzUITests.swift */ = {isa = PBXFileReference; lastKnownFileType = sourcecode.swift; path = AeoluzUITests.swift; sourceTree = "<group>"; };
		A2B54F101D665291008EE44E /* Info.plist */ = {isa = PBXFileReference; lastKnownFileType = text.plist.xml; path = Info.plist; sourceTree = "<group>"; };
		A2B54F1C1D6652FE008EE44E /* GoogleService-Info.plist */ = {isa = PBXFileReference; fileEncoding = 4; lastKnownFileType = text.plist.xml; path = "GoogleService-Info.plist"; sourceTree = "<group>"; };
		A2B54F1E1D6671D1008EE44E /* LogsTableViewController.swift */ = {isa = PBXFileReference; fileEncoding = 4; lastKnownFileType = sourcecode.swift; path = LogsTableViewController.swift; sourceTree = "<group>"; };
		A2B54F201D667348008EE44E /* User.swift */ = {isa = PBXFileReference; fileEncoding = 4; lastKnownFileType = sourcecode.swift; path = User.swift; sourceTree = "<group>"; };
		A2B54F261D667473008EE44E /* Log.swift */ = {isa = PBXFileReference; fileEncoding = 4; lastKnownFileType = sourcecode.swift; path = Log.swift; sourceTree = "<group>"; };
		C5AD7E203F8CD694C3C04DBF /* Pods-AeoluzUITests.debug.xcconfig */ = {isa = PBXFileReference; includeInIndex = 1; lastKnownFileType = text.xcconfig; name = "Pods-AeoluzUITests.debug.xcconfig"; path = "Pods/Target Support Files/Pods-AeoluzUITests/Pods-AeoluzUITests.debug.xcconfig"; sourceTree = "<group>"; };
		DB2706134E82D4FE1E500207 /* Pods_Aeoluz.framework */ = {isa = PBXFileReference; explicitFileType = wrapper.framework; includeInIndex = 0; path = Pods_Aeoluz.framework; sourceTree = BUILT_PRODUCTS_DIR; };
/* End PBXFileReference section */

/* Begin PBXFrameworksBuildPhase section */
		A2B54EE81D665291008EE44E /* Frameworks */ = {
			isa = PBXFrameworksBuildPhase;
			buildActionMask = 2147483647;
			files = (
				62E24B0710AEA89288CF5805 /* Pods_Aeoluz.framework in Frameworks */,
			);
			runOnlyForDeploymentPostprocessing = 0;
		};
		A2B54EFC1D665291008EE44E /* Frameworks */ = {
			isa = PBXFrameworksBuildPhase;
			buildActionMask = 2147483647;
			files = (
				A39199E6021E7465B83BF151 /* Pods_AeoluzTests.framework in Frameworks */,
			);
			runOnlyForDeploymentPostprocessing = 0;
		};
		A2B54F071D665291008EE44E /* Frameworks */ = {
			isa = PBXFrameworksBuildPhase;
			buildActionMask = 2147483647;
			files = (
				462F36B85C0491FF6CC1A62D /* Pods_AeoluzUITests.framework in Frameworks */,
			);
			runOnlyForDeploymentPostprocessing = 0;
		};
/* End PBXFrameworksBuildPhase section */

/* Begin PBXGroup section */
		9167218D4EA80BB431E9CDD6 /* Pods */ = {
			isa = PBXGroup;
			children = (
				067F0079C6D200989B3F6ABC /* Pods-Aeoluz.debug.xcconfig */,
				A1F952273B6956F6FE2A3697 /* Pods-Aeoluz.release.xcconfig */,
				3EB5CA443C55374BCF7DE3CB /* Pods-AeoluzTests.debug.xcconfig */,
				22A1A578660B14F179AB2CF0 /* Pods-AeoluzTests.release.xcconfig */,
				C5AD7E203F8CD694C3C04DBF /* Pods-AeoluzUITests.debug.xcconfig */,
				7D8578862E652712F92368F9 /* Pods-AeoluzUITests.release.xcconfig */,
			);
			name = Pods;
			sourceTree = "<group>";
		};
		A2B54EE21D665291008EE44E = {
			isa = PBXGroup;
			children = (
				A2B54EED1D665291008EE44E /* Aeoluz */,
				A2B54F021D665291008EE44E /* AeoluzTests */,
				A2B54F0D1D665291008EE44E /* AeoluzUITests */,
				A2B54EEC1D665291008EE44E /* Products */,
				9167218D4EA80BB431E9CDD6 /* Pods */,
				D900D0916DDAF90D1C68FA79 /* Frameworks */,
			);
			sourceTree = "<group>";
		};
		A2B54EEC1D665291008EE44E /* Products */ = {
			isa = PBXGroup;
			children = (
				A2B54EEB1D665291008EE44E /* Aeoluz.app */,
				A2B54EFF1D665291008EE44E /* AeoluzTests.xctest */,
				A2B54F0A1D665291008EE44E /* AeoluzUITests.xctest */,
			);
			name = Products;
			sourceTree = "<group>";
		};
		A2B54EED1D665291008EE44E /* Aeoluz */ = {
			isa = PBXGroup;
			children = (
				A2B54F281D66764D008EE44E /* Model */,
				A2B54F1E1D6671D1008EE44E /* LogsTableViewController.swift */,
				A2B54EEE1D665291008EE44E /* AppDelegate.swift */,
				A2B54EF21D665291008EE44E /* Main.storyboard */,
				A2B54EF51D665291008EE44E /* Assets.xcassets */,
				A2B54EF71D665291008EE44E /* LaunchScreen.storyboard */,
				A2B54F1C1D6652FE008EE44E /* GoogleService-Info.plist */,
				A2B54EFA1D665291008EE44E /* Info.plist */,
			);
			path = Aeoluz;
			sourceTree = "<group>";
		};
		A2B54F021D665291008EE44E /* AeoluzTests */ = {
			isa = PBXGroup;
			children = (
				A2B54F031D665291008EE44E /* AeoluzTests.swift */,
				A2B54F051D665291008EE44E /* Info.plist */,
			);
			path = AeoluzTests;
			sourceTree = "<group>";
		};
		A2B54F0D1D665291008EE44E /* AeoluzUITests */ = {
			isa = PBXGroup;
			children = (
				A2B54F0E1D665291008EE44E /* AeoluzUITests.swift */,
				A2B54F101D665291008EE44E /* Info.plist */,
			);
			path = AeoluzUITests;
			sourceTree = "<group>";
		};
		A2B54F281D66764D008EE44E /* Model */ = {
			isa = PBXGroup;
			children = (
				A2B54F201D667348008EE44E /* User.swift */,
				A2B54F261D667473008EE44E /* Log.swift */,
			);
			name = Model;
			sourceTree = "<group>";
		};
		D900D0916DDAF90D1C68FA79 /* Frameworks */ = {
			isa = PBXGroup;
			children = (
				DB2706134E82D4FE1E500207 /* Pods_Aeoluz.framework */,
				5FED23D3933C6AC44C32B243 /* Pods_AeoluzTests.framework */,
				0D0A76ADB4AF81073C15BD27 /* Pods_AeoluzUITests.framework */,
			);
			name = Frameworks;
			sourceTree = "<group>";
		};
/* End PBXGroup section */

/* Begin PBXNativeTarget section */
		A2B54EEA1D665291008EE44E /* Aeoluz */ = {
			isa = PBXNativeTarget;
			buildConfigurationList = A2B54F131D665291008EE44E /* Build configuration list for PBXNativeTarget "Aeoluz" */;
			buildPhases = (
				59BFE9B2AD2FDB05C598F345 /* [CP] Check Pods Manifest.lock */,
				A2B54EE71D665291008EE44E /* Sources */,
				A2B54EE81D665291008EE44E /* Frameworks */,
				A2B54EE91D665291008EE44E /* Resources */,
				152852860C0E5960E90FA834 /* [CP] Embed Pods Frameworks */,
				CA5CD26FFFFAECCD2B505FF4 /* [CP] Copy Pods Resources */,
			);
			buildRules = (
			);
			dependencies = (
			);
			name = Aeoluz;
			productName = Aeoluz;
			productReference = A2B54EEB1D665291008EE44E /* Aeoluz.app */;
			productType = "com.apple.product-type.application";
		};
		A2B54EFE1D665291008EE44E /* AeoluzTests */ = {
			isa = PBXNativeTarget;
			buildConfigurationList = A2B54F161D665291008EE44E /* Build configuration list for PBXNativeTarget "AeoluzTests" */;
			buildPhases = (
				390E7909176F87757351B705 /* [CP] Check Pods Manifest.lock */,
				A2B54EFB1D665291008EE44E /* Sources */,
				A2B54EFC1D665291008EE44E /* Frameworks */,
				A2B54EFD1D665291008EE44E /* Resources */,
				318B4F3440A11E1FBE03669D /* [CP] Embed Pods Frameworks */,
				0A58059A5B6B91206B45421C /* [CP] Copy Pods Resources */,
			);
			buildRules = (
			);
			dependencies = (
				A2B54F011D665291008EE44E /* PBXTargetDependency */,
			);
			name = AeoluzTests;
			productName = AeoluzTests;
			productReference = A2B54EFF1D665291008EE44E /* AeoluzTests.xctest */;
			productType = "com.apple.product-type.bundle.unit-test";
		};
		A2B54F091D665291008EE44E /* AeoluzUITests */ = {
			isa = PBXNativeTarget;
			buildConfigurationList = A2B54F191D665291008EE44E /* Build configuration list for PBXNativeTarget "AeoluzUITests" */;
			buildPhases = (
				4B43718D2B367A293779CCB0 /* [CP] Check Pods Manifest.lock */,
				A2B54F061D665291008EE44E /* Sources */,
				A2B54F071D665291008EE44E /* Frameworks */,
				A2B54F081D665291008EE44E /* Resources */,
				CACDF0C4A0499E0E9FE41032 /* [CP] Copy Pods Resources */,
			);
			buildRules = (
			);
			dependencies = (
				A2B54F0C1D665291008EE44E /* PBXTargetDependency */,
			);
			name = AeoluzUITests;
			productName = AeoluzUITests;
			productReference = A2B54F0A1D665291008EE44E /* AeoluzUITests.xctest */;
			productType = "com.apple.product-type.bundle.ui-testing";
		};
/* End PBXNativeTarget section */

/* Begin PBXProject section */
		A2B54EE31D665291008EE44E /* Project object */ = {
			isa = PBXProject;
			attributes = {
				LastSwiftUpdateCheck = 0730;
				LastUpgradeCheck = 0730;
				ORGANIZATIONNAME = "Kaira Villanueva";
				TargetAttributes = {
					A2B54EEA1D665291008EE44E = {
						CreatedOnToolsVersion = 7.3.1;
					};
					A2B54EFE1D665291008EE44E = {
						CreatedOnToolsVersion = 7.3.1;
						TestTargetID = A2B54EEA1D665291008EE44E;
					};
					A2B54F091D665291008EE44E = {
						CreatedOnToolsVersion = 7.3.1;
						TestTargetID = A2B54EEA1D665291008EE44E;
					};
				};
			};
			buildConfigurationList = A2B54EE61D665291008EE44E /* Build configuration list for PBXProject "Aeoluz" */;
			compatibilityVersion = "Xcode 3.2";
			developmentRegion = English;
			hasScannedForEncodings = 0;
			knownRegions = (
				en,
				Base,
			);
			mainGroup = A2B54EE21D665291008EE44E;
			productRefGroup = A2B54EEC1D665291008EE44E /* Products */;
			projectDirPath = "";
			projectRoot = "";
			targets = (
				A2B54EEA1D665291008EE44E /* Aeoluz */,
				A2B54EFE1D665291008EE44E /* AeoluzTests */,
				A2B54F091D665291008EE44E /* AeoluzUITests */,
			);
		};
/* End PBXProject section */

/* Begin PBXResourcesBuildPhase section */
		A2B54EE91D665291008EE44E /* Resources */ = {
			isa = PBXResourcesBuildPhase;
			buildActionMask = 2147483647;
			files = (
				A2B54EF91D665291008EE44E /* LaunchScreen.storyboard in Resources */,
				A2B54F1D1D6652FE008EE44E /* GoogleService-Info.plist in Resources */,
				A2B54EF61D665291008EE44E /* Assets.xcassets in Resources */,
				A2B54EF41D665291008EE44E /* Main.storyboard in Resources */,
			);
			runOnlyForDeploymentPostprocessing = 0;
		};
		A2B54EFD1D665291008EE44E /* Resources */ = {
			isa = PBXResourcesBuildPhase;
			buildActionMask = 2147483647;
			files = (
			);
			runOnlyForDeploymentPostprocessing = 0;
		};
		A2B54F081D665291008EE44E /* Resources */ = {
			isa = PBXResourcesBuildPhase;
			buildActionMask = 2147483647;
			files = (
			);
			runOnlyForDeploymentPostprocessing = 0;
		};
/* End PBXResourcesBuildPhase section */

/* Begin PBXShellScriptBuildPhase section */
		0A58059A5B6B91206B45421C /* [CP] Copy Pods Resources */ = {
			isa = PBXShellScriptBuildPhase;
			buildActionMask = 2147483647;
			files = (
			);
			inputPaths = (
			);
			name = "[CP] Copy Pods Resources";
			outputPaths = (
			);
			runOnlyForDeploymentPostprocessing = 0;
			shellPath = /bin/sh;
			shellScript = "\"${SRCROOT}/Pods/Target Support Files/Pods-AeoluzTests/Pods-AeoluzTests-resources.sh\"\n";
			showEnvVarsInLog = 0;
		};
		152852860C0E5960E90FA834 /* [CP] Embed Pods Frameworks */ = {
			isa = PBXShellScriptBuildPhase;
			buildActionMask = 2147483647;
			files = (
			);
			inputPaths = (
			);
			name = "[CP] Embed Pods Frameworks";
			outputPaths = (
			);
			runOnlyForDeploymentPostprocessing = 0;
			shellPath = /bin/sh;
			shellScript = "\"${SRCROOT}/Pods/Target Support Files/Pods-Aeoluz/Pods-Aeoluz-frameworks.sh\"\n";
			showEnvVarsInLog = 0;
		};
		318B4F3440A11E1FBE03669D /* [CP] Embed Pods Frameworks */ = {
			isa = PBXShellScriptBuildPhase;
			buildActionMask = 2147483647;
			files = (
			);
			inputPaths = (
			);
			name = "[CP] Embed Pods Frameworks";
			outputPaths = (
			);
			runOnlyForDeploymentPostprocessing = 0;
			shellPath = /bin/sh;
			shellScript = "\"${SRCROOT}/Pods/Target Support Files/Pods-AeoluzTests/Pods-AeoluzTests-frameworks.sh\"\n";
			showEnvVarsInLog = 0;
		};
		390E7909176F87757351B705 /* [CP] Check Pods Manifest.lock */ = {
			isa = PBXShellScriptBuildPhase;
			buildActionMask = 2147483647;
			files = (
			);
			inputPaths = (
			);
			name = "[CP] Check Pods Manifest.lock";
			outputPaths = (
			);
			runOnlyForDeploymentPostprocessing = 0;
			shellPath = /bin/sh;
			shellScript = "diff \"${PODS_ROOT}/../Podfile.lock\" \"${PODS_ROOT}/Manifest.lock\" > /dev/null\nif [[ $? != 0 ]] ; then\n    cat << EOM\nerror: The sandbox is not in sync with the Podfile.lock. Run 'pod install' or update your CocoaPods installation.\nEOM\n    exit 1\nfi\n";
			showEnvVarsInLog = 0;
		};
		4B43718D2B367A293779CCB0 /* [CP] Check Pods Manifest.lock */ = {
			isa = PBXShellScriptBuildPhase;
			buildActionMask = 2147483647;
			files = (
			);
			inputPaths = (
			);
			name = "[CP] Check Pods Manifest.lock";
			outputPaths = (
			);
			runOnlyForDeploymentPostprocessing = 0;
			shellPath = /bin/sh;
			shellScript = "diff \"${PODS_ROOT}/../Podfile.lock\" \"${PODS_ROOT}/Manifest.lock\" > /dev/null\nif [[ $? != 0 ]] ; then\n    cat << EOM\nerror: The sandbox is not in sync with the Podfile.lock. Run 'pod install' or update your CocoaPods installation.\nEOM\n    exit 1\nfi\n";
			showEnvVarsInLog = 0;
		};
		59BFE9B2AD2FDB05C598F345 /* [CP] Check Pods Manifest.lock */ = {
			isa = PBXShellScriptBuildPhase;
			buildActionMask = 2147483647;
			files = (
			);
			inputPaths = (
			);
			name = "[CP] Check Pods Manifest.lock";
			outputPaths = (
			);
			runOnlyForDeploymentPostprocessing = 0;
			shellPath = /bin/sh;
			shellScript = "diff \"${PODS_ROOT}/../Podfile.lock\" \"${PODS_ROOT}/Manifest.lock\" > /dev/null\nif [[ $? != 0 ]] ; then\n    cat << EOM\nerror: The sandbox is not in sync with the Podfile.lock. Run 'pod install' or update your CocoaPods installation.\nEOM\n    exit 1\nfi\n";
			showEnvVarsInLog = 0;
		};
		CA5CD26FFFFAECCD2B505FF4 /* [CP] Copy Pods Resources */ = {
			isa = PBXShellScriptBuildPhase;
			buildActionMask = 2147483647;
			files = (
			);
			inputPaths = (
			);
			name = "[CP] Copy Pods Resources";
			outputPaths = (
			);
			runOnlyForDeploymentPostprocessing = 0;
			shellPath = /bin/sh;
			shellScript = "\"${SRCROOT}/Pods/Target Support Files/Pods-Aeoluz/Pods-Aeoluz-resources.sh\"\n";
			showEnvVarsInLog = 0;
		};
		CACDF0C4A0499E0E9FE41032 /* [CP] Copy Pods Resources */ = {
			isa = PBXShellScriptBuildPhase;
			buildActionMask = 2147483647;
			files = (
			);
			inputPaths = (
			);
			name = "[CP] Copy Pods Resources";
			outputPaths = (
			);
			runOnlyForDeploymentPostprocessing = 0;
			shellPath = /bin/sh;
			shellScript = "\"${SRCROOT}/Pods/Target Support Files/Pods-AeoluzUITests/Pods-AeoluzUITests-resources.sh\"\n";
			showEnvVarsInLog = 0;
		};
/* End PBXShellScriptBuildPhase section */

/* Begin PBXSourcesBuildPhase section */
		A2B54EE71D665291008EE44E /* Sources */ = {
			isa = PBXSourcesBuildPhase;
			buildActionMask = 2147483647;
			files = (
				A2B54F1F1D6671D1008EE44E /* LogsTableViewController.swift in Sources */,
				A2B54EEF1D665291008EE44E /* AppDelegate.swift in Sources */,
				A2B54F271D667473008EE44E /* Log.swift in Sources */,
				A2B54F211D667348008EE44E /* User.swift in Sources */,
			);
			runOnlyForDeploymentPostprocessing = 0;
		};
		A2B54EFB1D665291008EE44E /* Sources */ = {
			isa = PBXSourcesBuildPhase;
			buildActionMask = 2147483647;
			files = (
				A2B54F041D665291008EE44E /* AeoluzTests.swift in Sources */,
			);
			runOnlyForDeploymentPostprocessing = 0;
		};
		A2B54F061D665291008EE44E /* Sources */ = {
			isa = PBXSourcesBuildPhase;
			buildActionMask = 2147483647;
			files = (
				A2B54F0F1D665291008EE44E /* AeoluzUITests.swift in Sources */,
			);
			runOnlyForDeploymentPostprocessing = 0;
		};
/* End PBXSourcesBuildPhase section */

/* Begin PBXTargetDependency section */
		A2B54F011D665291008EE44E /* PBXTargetDependency */ = {
			isa = PBXTargetDependency;
			target = A2B54EEA1D665291008EE44E /* Aeoluz */;
			targetProxy = A2B54F001D665291008EE44E /* PBXContainerItemProxy */;
		};
		A2B54F0C1D665291008EE44E /* PBXTargetDependency */ = {
			isa = PBXTargetDependency;
			target = A2B54EEA1D665291008EE44E /* Aeoluz */;
			targetProxy = A2B54F0B1D665291008EE44E /* PBXContainerItemProxy */;
		};
/* End PBXTargetDependency section */

/* Begin PBXVariantGroup section */
		A2B54EF21D665291008EE44E /* Main.storyboard */ = {
			isa = PBXVariantGroup;
			children = (
				A2B54EF31D665291008EE44E /* Base */,
			);
			name = Main.storyboard;
			sourceTree = "<group>";
		};
		A2B54EF71D665291008EE44E /* LaunchScreen.storyboard */ = {
			isa = PBXVariantGroup;
			children = (
				A2B54EF81D665291008EE44E /* Base */,
			);
			name = LaunchScreen.storyboard;
			sourceTree = "<group>";
		};
/* End PBXVariantGroup section */

/* Begin XCBuildConfiguration section */
		A2B54F111D665291008EE44E /* Debug */ = {
			isa = XCBuildConfiguration;
			buildSettings = {
				ALWAYS_SEARCH_USER_PATHS = NO;
				CLANG_ANALYZER_NONNULL = YES;
				CLANG_CXX_LANGUAGE_STANDARD = "gnu++0x";
				CLANG_CXX_LIBRARY = "libc++";
				CLANG_ENABLE_MODULES = YES;
				CLANG_ENABLE_OBJC_ARC = YES;
				CLANG_WARN_BOOL_CONVERSION = YES;
				CLANG_WARN_CONSTANT_CONVERSION = YES;
				CLANG_WARN_DIRECT_OBJC_ISA_USAGE = YES_ERROR;
				CLANG_WARN_EMPTY_BODY = YES;
				CLANG_WARN_ENUM_CONVERSION = YES;
				CLANG_WARN_INT_CONVERSION = YES;
				CLANG_WARN_OBJC_ROOT_CLASS = YES_ERROR;
				CLANG_WARN_UNREACHABLE_CODE = YES;
				CLANG_WARN__DUPLICATE_METHOD_MATCH = YES;
				"CODE_SIGN_IDENTITY[sdk=iphoneos*]" = "iPhone Developer";
				COPY_PHASE_STRIP = NO;
				DEBUG_INFORMATION_FORMAT = dwarf;
				ENABLE_STRICT_OBJC_MSGSEND = YES;
				ENABLE_TESTABILITY = YES;
				GCC_C_LANGUAGE_STANDARD = gnu99;
				GCC_DYNAMIC_NO_PIC = NO;
				GCC_NO_COMMON_BLOCKS = YES;
				GCC_OPTIMIZATION_LEVEL = 0;
				GCC_PREPROCESSOR_DEFINITIONS = (
					"DEBUG=1",
					"$(inherited)",
				);
				GCC_WARN_64_TO_32_BIT_CONVERSION = YES;
				GCC_WARN_ABOUT_RETURN_TYPE = YES_ERROR;
				GCC_WARN_UNDECLARED_SELECTOR = YES;
				GCC_WARN_UNINITIALIZED_AUTOS = YES_AGGRESSIVE;
				GCC_WARN_UNUSED_FUNCTION = YES;
				GCC_WARN_UNUSED_VARIABLE = YES;
				IPHONEOS_DEPLOYMENT_TARGET = 9.3;
				MTL_ENABLE_DEBUG_INFO = YES;
				ONLY_ACTIVE_ARCH = YES;
				SDKROOT = iphoneos;
				SWIFT_OPTIMIZATION_LEVEL = "-Onone";
			};
			name = Debug;
		};
		A2B54F121D665291008EE44E /* Release */ = {
			isa = XCBuildConfiguration;
			buildSettings = {
				ALWAYS_SEARCH_USER_PATHS = NO;
				CLANG_ANALYZER_NONNULL = YES;
				CLANG_CXX_LANGUAGE_STANDARD = "gnu++0x";
				CLANG_CXX_LIBRARY = "libc++";
				CLANG_ENABLE_MODULES = YES;
				CLANG_ENABLE_OBJC_ARC = YES;
				CLANG_WARN_BOOL_CONVERSION = YES;
				CLANG_WARN_CONSTANT_CONVERSION = YES;
				CLANG_WARN_DIRECT_OBJC_ISA_USAGE = YES_ERROR;
				CLANG_WARN_EMPTY_BODY = YES;
				CLANG_WARN_ENUM_CONVERSION = YES;
				CLANG_WARN_INT_CONVERSION = YES;
				CLANG_WARN_OBJC_ROOT_CLASS = YES_ERROR;
				CLANG_WARN_UNREACHABLE_CODE = YES;
				CLANG_WARN__DUPLICATE_METHOD_MATCH = YES;
				"CODE_SIGN_IDENTITY[sdk=iphoneos*]" = "iPhone Developer";
				COPY_PHASE_STRIP = NO;
				DEBUG_INFORMATION_FORMAT = "dwarf-with-dsym";
				ENABLE_NS_ASSERTIONS = NO;
				ENABLE_STRICT_OBJC_MSGSEND = YES;
				GCC_C_LANGUAGE_STANDARD = gnu99;
				GCC_NO_COMMON_BLOCKS = YES;
				GCC_WARN_64_TO_32_BIT_CONVERSION = YES;
				GCC_WARN_ABOUT_RETURN_TYPE = YES_ERROR;
				GCC_WARN_UNDECLARED_SELECTOR = YES;
				GCC_WARN_UNINITIALIZED_AUTOS = YES_AGGRESSIVE;
				GCC_WARN_UNUSED_FUNCTION = YES;
				GCC_WARN_UNUSED_VARIABLE = YES;
				IPHONEOS_DEPLOYMENT_TARGET = 9.3;
				MTL_ENABLE_DEBUG_INFO = NO;
				SDKROOT = iphoneos;
				VALIDATE_PRODUCT = YES;
			};
			name = Release;
		};
		A2B54F141D665291008EE44E /* Debug */ = {
			isa = XCBuildConfiguration;
			baseConfigurationReference = 067F0079C6D200989B3F6ABC /* Pods-Aeoluz.debug.xcconfig */;
			buildSettings = {
				ASSETCATALOG_COMPILER_APPICON_NAME = AppIcon;
				INFOPLIST_FILE = Aeoluz/Info.plist;
				LD_RUNPATH_SEARCH_PATHS = "$(inherited) @executable_path/Frameworks";
				PRODUCT_BUNDLE_IDENTIFIER = com.zenine.aeoluz;
				PRODUCT_NAME = "$(TARGET_NAME)";
			};
			name = Debug;
		};
		A2B54F151D665291008EE44E /* Release */ = {
			isa = XCBuildConfiguration;
			baseConfigurationReference = A1F952273B6956F6FE2A3697 /* Pods-Aeoluz.release.xcconfig */;
			buildSettings = {
				ASSETCATALOG_COMPILER_APPICON_NAME = AppIcon;
				INFOPLIST_FILE = Aeoluz/Info.plist;
				LD_RUNPATH_SEARCH_PATHS = "$(inherited) @executable_path/Frameworks";
				PRODUCT_BUNDLE_IDENTIFIER = com.zenine.aeoluz;
				PRODUCT_NAME = "$(TARGET_NAME)";
			};
			name = Release;
		};
		A2B54F171D665291008EE44E /* Debug */ = {
			isa = XCBuildConfiguration;
			baseConfigurationReference = 3EB5CA443C55374BCF7DE3CB /* Pods-AeoluzTests.debug.xcconfig */;
			buildSettings = {
				BUNDLE_LOADER = "$(TEST_HOST)";
				INFOPLIST_FILE = AeoluzTests/Info.plist;
				LD_RUNPATH_SEARCH_PATHS = "$(inherited) @executable_path/Frameworks @loader_path/Frameworks";
				PRODUCT_BUNDLE_IDENTIFIER = com.zenine.AeoluzTests;
				PRODUCT_NAME = "$(TARGET_NAME)";
				TEST_HOST = "$(BUILT_PRODUCTS_DIR)/Aeoluz.app/Aeoluz";
			};
			name = Debug;
		};
		A2B54F181D665291008EE44E /* Release */ = {
			isa = XCBuildConfiguration;
			baseConfigurationReference = 22A1A578660B14F179AB2CF0 /* Pods-AeoluzTests.release.xcconfig */;
			buildSettings = {
				BUNDLE_LOADER = "$(TEST_HOST)";
				INFOPLIST_FILE = AeoluzTests/Info.plist;
				LD_RUNPATH_SEARCH_PATHS = "$(inherited) @executable_path/Frameworks @loader_path/Frameworks";
				PRODUCT_BUNDLE_IDENTIFIER = com.zenine.AeoluzTests;
				PRODUCT_NAME = "$(TARGET_NAME)";
				TEST_HOST = "$(BUILT_PRODUCTS_DIR)/Aeoluz.app/Aeoluz";
			};
			name = Release;
		};
		A2B54F1A1D665291008EE44E /* Debug */ = {
			isa = XCBuildConfiguration;
			baseConfigurationReference = C5AD7E203F8CD694C3C04DBF /* Pods-AeoluzUITests.debug.xcconfig */;
			buildSettings = {
				INFOPLIST_FILE = AeoluzUITests/Info.plist;
				LD_RUNPATH_SEARCH_PATHS = "$(inherited) @executable_path/Frameworks @loader_path/Frameworks";
				PRODUCT_BUNDLE_IDENTIFIER = com.zenine.AeoluzUITests;
				PRODUCT_NAME = "$(TARGET_NAME)";
				TEST_TARGET_NAME = Aeoluz;
			};
			name = Debug;
		};
		A2B54F1B1D665291008EE44E /* Release */ = {
			isa = XCBuildConfiguration;
			baseConfigurationReference = 7D8578862E652712F92368F9 /* Pods-AeoluzUITests.release.xcconfig */;
			buildSettings = {
				INFOPLIST_FILE = AeoluzUITests/Info.plist;
				LD_RUNPATH_SEARCH_PATHS = "$(inherited) @executable_path/Frameworks @loader_path/Frameworks";
				PRODUCT_BUNDLE_IDENTIFIER = com.zenine.AeoluzUITests;
				PRODUCT_NAME = "$(TARGET_NAME)";
				TEST_TARGET_NAME = Aeoluz;
			};
			name = Release;
		};
/* End XCBuildConfiguration section */

/* Begin XCConfigurationList section */
		A2B54EE61D665291008EE44E /* Build configuration list for PBXProject "Aeoluz" */ = {
			isa = XCConfigurationList;
			buildConfigurations = (
				A2B54F111D665291008EE44E /* Debug */,
				A2B54F121D665291008EE44E /* Release */,
			);
			defaultConfigurationIsVisible = 0;
			defaultConfigurationName = Release;
		};
		A2B54F131D665291008EE44E /* Build configuration list for PBXNativeTarget "Aeoluz" */ = {
			isa = XCConfigurationList;
			buildConfigurations = (
				A2B54F141D665291008EE44E /* Debug */,
				A2B54F151D665291008EE44E /* Release */,
			);
			defaultConfigurationIsVisible = 0;
			defaultConfigurationName = Release;
		};
		A2B54F161D665291008EE44E /* Build configuration list for PBXNativeTarget "AeoluzTests" */ = {
			isa = XCConfigurationList;
			buildConfigurations = (
				A2B54F171D665291008EE44E /* Debug */,
				A2B54F181D665291008EE44E /* Release */,
			);
			defaultConfigurationIsVisible = 0;
			defaultConfigurationName = Release;
		};
		A2B54F191D665291008EE44E /* Build configuration list for PBXNativeTarget "AeoluzUITests" */ = {
			isa = XCConfigurationList;
			buildConfigurations = (
				A2B54F1A1D665291008EE44E /* Debug */,
				A2B54F1B1D665291008EE44E /* Release */,
			);
			defaultConfigurationIsVisible = 0;
			defaultConfigurationName = Release;
		};
/* End XCConfigurationList section */
	};
	rootObject = A2B54EE31D665291008EE44E /* Project object */;
}
